// !$*UTF8*$!
{
	archiveVersion = 1;
	classes = {
	};
	objectVersion = 46;
	objects = {

/* Begin PBXBuildFile section */
		15933D381DCA830700A8D067 /* main.m in Sources */ = {isa = PBXBuildFile; fileRef = 15933D371DCA830700A8D067 /* main.m */; };
		15933D3B1DCA830700A8D067 /* AppDelegate.m in Sources */ = {isa = PBXBuildFile; fileRef = 15933D3A1DCA830700A8D067 /* AppDelegate.m */; };
		15933D3E1DCA830700A8D067 /* MasterViewController.m in Sources */ = {isa = PBXBuildFile; fileRef = 15933D3D1DCA830700A8D067 /* MasterViewController.m */; };
		15933D411DCA830700A8D067 /* DetailViewController.m in Sources */ = {isa = PBXBuildFile; fileRef = 15933D401DCA830700A8D067 /* DetailViewController.m */; };
		15933D441DCA830700A8D067 /* Main.storyboard in Resources */ = {isa = PBXBuildFile; fileRef = 15933D421DCA830700A8D067 /* Main.storyboard */; };
		15933D461DCA830700A8D067 /* Assets.xcassets in Resources */ = {isa = PBXBuildFile; fileRef = 15933D451DCA830700A8D067 /* Assets.xcassets */; };
		15933D491DCA830700A8D067 /* LaunchScreen.storyboard in Resources */ = {isa = PBXBuildFile; fileRef = 15933D471DCA830700A8D067 /* LaunchScreen.storyboard */; };
		15933D521DCA897A00A8D067 /* HeartRateSensor.m in Sources */ = {isa = PBXBuildFile; fileRef = 15933D511DCA897A00A8D067 /* HeartRateSensor.m */; };
		15933D581DCA8B1000A8D067 /* CoreBluetooth.framework in Frameworks */ = {isa = PBXBuildFile; fileRef = 15933D571DCA8B1000A8D067 /* CoreBluetooth.framework */; };
		15933D561DCA8B0200A8D067 /* Bike.m in Sources */ = {isa = PBXBuildFile; fileRef = 15933D551DCA8B0200A8D067 /* Bike.m */; };
		15933D5C1DCA8C5500A8D067 /* WeakSet.m in Sources */ = {isa = PBXBuildFile; fileRef = 15933D5B1DCA8C5500A8D067 /* WeakSet.m */; };
/* End PBXBuildFile section */

/* Begin PBXFileReference section */
		15933D331DCA830700A8D067 /* fitt.app */ = {isa = PBXFileReference; explicitFileType = wrapper.application; includeInIndex = 0; path = fitt.app; sourceTree = BUILT_PRODUCTS_DIR; };
		15933D371DCA830700A8D067 /* main.m */ = {isa = PBXFileReference; lastKnownFileType = sourcecode.c.objc; path = main.m; sourceTree = "<group>"; };
		15933D391DCA830700A8D067 /* AppDelegate.h */ = {isa = PBXFileReference; lastKnownFileType = sourcecode.c.h; path = AppDelegate.h; sourceTree = "<group>"; };
		15933D3A1DCA830700A8D067 /* AppDelegate.m */ = {isa = PBXFileReference; lastKnownFileType = sourcecode.c.objc; path = AppDelegate.m; sourceTree = "<group>"; };
		15933D3C1DCA830700A8D067 /* MasterViewController.h */ = {isa = PBXFileReference; lastKnownFileType = sourcecode.c.h; path = MasterViewController.h; sourceTree = "<group>"; };
		15933D3D1DCA830700A8D067 /* MasterViewController.m */ = {isa = PBXFileReference; lastKnownFileType = sourcecode.c.objc; path = MasterViewController.m; sourceTree = "<group>"; };
		15933D3F1DCA830700A8D067 /* DetailViewController.h */ = {isa = PBXFileReference; lastKnownFileType = sourcecode.c.h; path = DetailViewController.h; sourceTree = "<group>"; };
		15933D401DCA830700A8D067 /* DetailViewController.m */ = {isa = PBXFileReference; lastKnownFileType = sourcecode.c.objc; path = DetailViewController.m; sourceTree = "<group>"; };
		15933D431DCA830700A8D067 /* Base */ = {isa = PBXFileReference; lastKnownFileType = file.storyboard; name = Base; path = Base.lproj/Main.storyboard; sourceTree = "<group>"; };
		15933D451DCA830700A8D067 /* Assets.xcassets */ = {isa = PBXFileReference; lastKnownFileType = folder.assetcatalog; path = Assets.xcassets; sourceTree = "<group>"; };
		15933D481DCA830700A8D067 /* Base */ = {isa = PBXFileReference; lastKnownFileType = file.storyboard; name = Base; path = Base.lproj/LaunchScreen.storyboard; sourceTree = "<group>"; };
		15933D4A1DCA830700A8D067 /* Info.plist */ = {isa = PBXFileReference; lastKnownFileType = text.plist.xml; path = Info.plist; sourceTree = "<group>"; };
		15933D501DCA897A00A8D067 /* HeartRateSensor.h */ = {isa = PBXFileReference; fileEncoding = 4; lastKnownFileType = sourcecode.c.h; name = HeartRateSensor.h; path = comm/HeartRateSensor.h; sourceTree = "<group>"; };
		15933D511DCA897A00A8D067 /* HeartRateSensor.m */ = {isa = PBXFileReference; fileEncoding = 4; lastKnownFileType = sourcecode.c.objc; name = HeartRateSensor.m; path = comm/HeartRateSensor.m; sourceTree = "<group>"; };
		15933D571DCA8B1000A8D067 /* CoreBluetooth.framework */ = {isa = PBXFileReference; lastKnownFileType = wrapper.framework; name = CoreBluetooth.framework; path = System/Library/Frameworks/CoreBluetooth.framework; sourceTree = SDKROOT; };
		15933D541DCA8B0200A8D067 /* Bike.h */ = {isa = PBXFileReference; fileEncoding = 4; lastKnownFileType = sourcecode.c.h; name = Bike.h; path = comm/Bike.h; sourceTree = "<group>"; };
		15933D551DCA8B0200A8D067 /* Bike.m */ = {isa = PBXFileReference; fileEncoding = 4; lastKnownFileType = sourcecode.c.objc; name = Bike.m; path = comm/Bike.m; sourceTree = "<group>"; };
		15933D5A1DCA8C5500A8D067 /* WeakSet.h */ = {isa = PBXFileReference; fileEncoding = 4; lastKnownFileType = sourcecode.c.h; name = WeakSet.h; path = util/WeakSet.h; sourceTree = "<group>"; };
		15933D5B1DCA8C5500A8D067 /* WeakSet.m */ = {isa = PBXFileReference; fileEncoding = 4; lastKnownFileType = sourcecode.c.objc; name = WeakSet.m; path = util/WeakSet.m; sourceTree = "<group>"; };
/* End PBXFileReference section */

/* Begin PBXFrameworksBuildPhase section */
		15933D301DCA830700A8D067 /* Frameworks */ = {
			isa = PBXFrameworksBuildPhase;
			buildActionMask = 2147483647;
			files = (
				15933D581DCA8B1000A8D067 /* CoreBluetooth.framework in Frameworks */,
			);
			runOnlyForDeploymentPostprocessing = 0;
		};
/* End PBXFrameworksBuildPhase section */

/* Begin PBXGroup section */
		15933D2A1DCA830700A8D067 = {
			isa = PBXGroup;
			children = (
				15933D571DCA8B1000A8D067 /* CoreBluetooth.framework */,
				15933D351DCA830700A8D067 /* fitt */,
				15933D341DCA830700A8D067 /* Products */,
			);
			sourceTree = "<group>";
		};
		15933D341DCA830700A8D067 /* Products */ = {
			isa = PBXGroup;
			children = (
				15933D331DCA830700A8D067 /* fitt.app */,
			);
			name = Products;
			sourceTree = "<group>";
		};
		15933D351DCA830700A8D067 /* fitt */ = {
			isa = PBXGroup;
			children = (
				15933D591DCA8C3300A8D067 /* util */,
				15933D531DCA8ACD00A8D067 /* comm */,
				15933D391DCA830700A8D067 /* AppDelegate.h */,
				15933D3A1DCA830700A8D067 /* AppDelegate.m */,
				15933D3C1DCA830700A8D067 /* MasterViewController.h */,
				15933D3D1DCA830700A8D067 /* MasterViewController.m */,
				15933D3F1DCA830700A8D067 /* DetailViewController.h */,
				15933D401DCA830700A8D067 /* DetailViewController.m */,
				15933D421DCA830700A8D067 /* Main.storyboard */,
				15933D451DCA830700A8D067 /* Assets.xcassets */,
				15933D471DCA830700A8D067 /* LaunchScreen.storyboard */,
				15933D4A1DCA830700A8D067 /* Info.plist */,
				15933D361DCA830700A8D067 /* Supporting Files */,
			);
			path = fitt;
			sourceTree = "<group>";
		};
		15933D361DCA830700A8D067 /* Supporting Files */ = {
			isa = PBXGroup;
			children = (
				15933D371DCA830700A8D067 /* main.m */,
			);
			name = "Supporting Files";
			sourceTree = "<group>";
		};
		15933D531DCA8ACD00A8D067 /* comm */ = {
			isa = PBXGroup;
			children = (
				15933D501DCA897A00A8D067 /* HeartRateSensor.h */,
				15933D511DCA897A00A8D067 /* HeartRateSensor.m */,
				15933D541DCA8B0200A8D067 /* Bike.h */,
				15933D551DCA8B0200A8D067 /* Bike.m */,
			);
			name = comm;
			sourceTree = "<group>";
		};
		15933D591DCA8C3300A8D067 /* util */ = {
			isa = PBXGroup;
			children = (
				15933D5A1DCA8C5500A8D067 /* WeakSet.h */,
				15933D5B1DCA8C5500A8D067 /* WeakSet.m */,
			);
			name = util;
			sourceTree = "<group>";
		};
/* End PBXGroup section */

/* Begin PBXNativeTarget section */
		15933D321DCA830700A8D067 /* fitt */ = {
			isa = PBXNativeTarget;
			buildConfigurationList = 15933D4D1DCA830700A8D067 /* Build configuration list for PBXNativeTarget "fitt" */;
			buildPhases = (
				15933D2F1DCA830700A8D067 /* Sources */,
				15933D301DCA830700A8D067 /* Frameworks */,
				15933D311DCA830700A8D067 /* Resources */,
			);
			buildRules = (
			);
			dependencies = (
			);
			name = fitt;
			productName = fitt;
			productReference = 15933D331DCA830700A8D067 /* fitt.app */;
			productType = "com.apple.product-type.application";
		};
/* End PBXNativeTarget section */

/* Begin PBXProject section */
		15933D2B1DCA830700A8D067 /* Project object */ = {
			isa = PBXProject;
			attributes = {
				LastUpgradeCheck = 0730;
				ORGANIZATIONNAME = "Nico Blodow";
				TargetAttributes = {
					15933D321DCA830700A8D067 = {
						CreatedOnToolsVersion = 7.3.1;
					};
				};
			};
			buildConfigurationList = 15933D2E1DCA830700A8D067 /* Build configuration list for PBXProject "fitt" */;
			compatibilityVersion = "Xcode 3.2";
			developmentRegion = English;
			hasScannedForEncodings = 0;
			knownRegions = (
				en,
				Base,
			);
			mainGroup = 15933D2A1DCA830700A8D067;
			productRefGroup = 15933D341DCA830700A8D067 /* Products */;
			projectDirPath = "";
			projectRoot = "";
			targets = (
				15933D321DCA830700A8D067 /* fitt */,
			);
		};
/* End PBXProject section */

/* Begin PBXResourcesBuildPhase section */
		15933D311DCA830700A8D067 /* Resources */ = {
			isa = PBXResourcesBuildPhase;
			buildActionMask = 2147483647;
			files = (
				15933D491DCA830700A8D067 /* LaunchScreen.storyboard in Resources */,
				15933D461DCA830700A8D067 /* Assets.xcassets in Resources */,
				15933D441DCA830700A8D067 /* Main.storyboard in Resources */,
			);
			runOnlyForDeploymentPostprocessing = 0;
		};
/* End PBXResourcesBuildPhase section */

/* Begin PBXSourcesBuildPhase section */
		15933D2F1DCA830700A8D067 /* Sources */ = {
			isa = PBXSourcesBuildPhase;
			buildActionMask = 2147483647;
			files = (
				15933D5C1DCA8C5500A8D067 /* WeakSet.m in Sources */,
				15933D561DCA8B0200A8D067 /* Bike.m in Sources */,
				15933D3B1DCA830700A8D067 /* AppDelegate.m in Sources */,
				15933D3E1DCA830700A8D067 /* MasterViewController.m in Sources */,
				15933D381DCA830700A8D067 /* main.m in Sources */,
				15933D411DCA830700A8D067 /* DetailViewController.m in Sources */,
				15933D521DCA897A00A8D067 /* HeartRateSensor.m in Sources */,
			);
			runOnlyForDeploymentPostprocessing = 0;
		};
/* End PBXSourcesBuildPhase section */

/* Begin PBXVariantGroup section */
		15933D421DCA830700A8D067 /* Main.storyboard */ = {
			isa = PBXVariantGroup;
			children = (
				15933D431DCA830700A8D067 /* Base */,
			);
			name = Main.storyboard;
			sourceTree = "<group>";
		};
		15933D471DCA830700A8D067 /* LaunchScreen.storyboard */ = {
			isa = PBXVariantGroup;
			children = (
				15933D481DCA830700A8D067 /* Base */,
			);
			name = LaunchScreen.storyboard;
			sourceTree = "<group>";
		};
/* End PBXVariantGroup section */

/* Begin XCBuildConfiguration section */
		15933D4B1DCA830700A8D067 /* Debug */ = {
			isa = XCBuildConfiguration;
			buildSettings = {
				ALWAYS_SEARCH_USER_PATHS = NO;
				CLANG_ANALYZER_NONNULL = YES;
				CLANG_CXX_LANGUAGE_STANDARD = "gnu++0x";
				CLANG_CXX_LIBRARY = "libc++";
				CLANG_ENABLE_MODULES = YES;
				CLANG_ENABLE_OBJC_ARC = YES;
				CLANG_WARN_BOOL_CONVERSION = YES;
				CLANG_WARN_CONSTANT_CONVERSION = YES;
				CLANG_WARN_DIRECT_OBJC_ISA_USAGE = YES_ERROR;
				CLANG_WARN_EMPTY_BODY = YES;
				CLANG_WARN_ENUM_CONVERSION = YES;
				CLANG_WARN_INT_CONVERSION = YES;
				CLANG_WARN_OBJC_ROOT_CLASS = YES_ERROR;
				CLANG_WARN_UNREACHABLE_CODE = YES;
				CLANG_WARN__DUPLICATE_METHOD_MATCH = YES;
				"CODE_SIGN_IDENTITY[sdk=iphoneos*]" = "iPhone Developer";
				COPY_PHASE_STRIP = NO;
				DEBUG_INFORMATION_FORMAT = dwarf;
				ENABLE_STRICT_OBJC_MSGSEND = YES;
				ENABLE_TESTABILITY = YES;
				GCC_C_LANGUAGE_STANDARD = gnu99;
				GCC_DYNAMIC_NO_PIC = NO;
				GCC_NO_COMMON_BLOCKS = YES;
				GCC_OPTIMIZATION_LEVEL = 0;
				GCC_PREPROCESSOR_DEFINITIONS = (
					"DEBUG=1",
					"$(inherited)",
				);
				GCC_WARN_64_TO_32_BIT_CONVERSION = YES;
				GCC_WARN_ABOUT_RETURN_TYPE = YES_ERROR;
				GCC_WARN_UNDECLARED_SELECTOR = YES;
				GCC_WARN_UNINITIALIZED_AUTOS = YES_AGGRESSIVE;
				GCC_WARN_UNUSED_FUNCTION = YES;
				GCC_WARN_UNUSED_VARIABLE = YES;
				IPHONEOS_DEPLOYMENT_TARGET = 9.3;
				MTL_ENABLE_DEBUG_INFO = YES;
				ONLY_ACTIVE_ARCH = YES;
				SDKROOT = iphoneos;
				TARGETED_DEVICE_FAMILY = "1,2";
			};
			name = Debug;
		};
		15933D4C1DCA830700A8D067 /* Release */ = {
			isa = XCBuildConfiguration;
			buildSettings = {
				ALWAYS_SEARCH_USER_PATHS = NO;
				CLANG_ANALYZER_NONNULL = YES;
				CLANG_CXX_LANGUAGE_STANDARD = "gnu++0x";
				CLANG_CXX_LIBRARY = "libc++";
				CLANG_ENABLE_MODULES = YES;
				CLANG_ENABLE_OBJC_ARC = YES;
				CLANG_WARN_BOOL_CONVERSION = YES;
				CLANG_WARN_CONSTANT_CONVERSION = YES;
				CLANG_WARN_DIRECT_OBJC_ISA_USAGE = YES_ERROR;
				CLANG_WARN_EMPTY_BODY = YES;
				CLANG_WARN_ENUM_CONVERSION = YES;
				CLANG_WARN_INT_CONVERSION = YES;
				CLANG_WARN_OBJC_ROOT_CLASS = YES_ERROR;
				CLANG_WARN_UNREACHABLE_CODE = YES;
				CLANG_WARN__DUPLICATE_METHOD_MATCH = YES;
				"CODE_SIGN_IDENTITY[sdk=iphoneos*]" = "iPhone Developer";
				COPY_PHASE_STRIP = NO;
				DEBUG_INFORMATION_FORMAT = "dwarf-with-dsym";
				ENABLE_NS_ASSERTIONS = NO;
				ENABLE_STRICT_OBJC_MSGSEND = YES;
				GCC_C_LANGUAGE_STANDARD = gnu99;
				GCC_NO_COMMON_BLOCKS = YES;
				GCC_WARN_64_TO_32_BIT_CONVERSION = YES;
				GCC_WARN_ABOUT_RETURN_TYPE = YES_ERROR;
				GCC_WARN_UNDECLARED_SELECTOR = YES;
				GCC_WARN_UNINITIALIZED_AUTOS = YES_AGGRESSIVE;
				GCC_WARN_UNUSED_FUNCTION = YES;
				GCC_WARN_UNUSED_VARIABLE = YES;
				IPHONEOS_DEPLOYMENT_TARGET = 9.3;
				MTL_ENABLE_DEBUG_INFO = NO;
				SDKROOT = iphoneos;
				TARGETED_DEVICE_FAMILY = "1,2";
				VALIDATE_PRODUCT = YES;
			};
			name = Release;
		};
		15933D4E1DCA830700A8D067 /* Debug */ = {
			isa = XCBuildConfiguration;
			buildSettings = {
				ASSETCATALOG_COMPILER_APPICON_NAME = AppIcon;
				INFOPLIST_FILE = fitt/Info.plist;
				LD_RUNPATH_SEARCH_PATHS = "$(inherited) @executable_path/Frameworks";
				PRODUCT_BUNDLE_IDENTIFIER = de.phrx.fitt;
				PRODUCT_NAME = "$(TARGET_NAME)";
			};
			name = Debug;
		};
		15933D4F1DCA830700A8D067 /* Release */ = {
			isa = XCBuildConfiguration;
			buildSettings = {
				ASSETCATALOG_COMPILER_APPICON_NAME = AppIcon;
				INFOPLIST_FILE = fitt/Info.plist;
				LD_RUNPATH_SEARCH_PATHS = "$(inherited) @executable_path/Frameworks";
				PRODUCT_BUNDLE_IDENTIFIER = de.phrx.fitt;
				PRODUCT_NAME = "$(TARGET_NAME)";
			};
			name = Release;
		};
/* End XCBuildConfiguration section */

/* Begin XCConfigurationList section */
		15933D2E1DCA830700A8D067 /* Build configuration list for PBXProject "fitt" */ = {
			isa = XCConfigurationList;
			buildConfigurations = (
				15933D4B1DCA830700A8D067 /* Debug */,
				15933D4C1DCA830700A8D067 /* Release */,
			);
			defaultConfigurationIsVisible = 0;
			defaultConfigurationName = Release;
		};
		15933D4D1DCA830700A8D067 /* Build configuration list for PBXNativeTarget "fitt" */ = {
			isa = XCConfigurationList;
			buildConfigurations = (
				15933D4E1DCA830700A8D067 /* Debug */,
				15933D4F1DCA830700A8D067 /* Release */,
			);
			defaultConfigurationIsVisible = 0;
		};
/* End XCConfigurationList section */
	};
	rootObject = 15933D2B1DCA830700A8D067 /* Project object */;
}
